
Microsoft Visual Studio Solution File, Format Version 12.00
# Visual Studio Version 17
VisualStudioVersion = 17.11.35431.28
MinimumVisualStudioVersion = 10.0.40219.1
Project("{FAE04EC0-301F-11D3-BF4B-00C04F79EFBC}") = "Oficina", "Oficina\Oficina.csproj", "{CE101E69-8B6F-41C9-A295-85AD8CD12F91}"
EndProject
Global
	GlobalSection(SolutionConfigurationPlatforms) = preSolution
		Debug|Any CPU = Debug|Any CPU
		Release|Any CPU = Release|Any CPU
	EndGlobalSection
	GlobalSection(ProjectConfigurationPlatforms) = postSolution
		{CE101E69-8B6F-41C9-A295-85AD8CD12F91}.Debug|Any CPU.ActiveCfg = Debug|Any CPU
		{CE101E69-8B6F-41C9-A295-85AD8CD12F91}.Debug|Any CPU.Build.0 = Debug|Any CPU
		{CE101E69-8B6F-41C9-A295-85AD8CD12F91}.Release|Any CPU.ActiveCfg = Release|Any CPU
		{CE101E69-8B6F-41C9-A295-85AD8CD12F91}.Release|Any CPU.Build.0 = Release|Any CPU
	EndGlobalSection
	GlobalSection(SolutionProperties) = preSolution
		HideSolutionNode = FALSE
	EndGlobalSection
	GlobalSection(ExtensibilityGlobals) = postSolution
		SolutionGuid = {A594C999-FC4D-4116-ACA3-C6FA87EF15C1}
	EndGlobalSection
EndGlobal
