
Microsoft Visual Studio Solution File, Format Version 12.00
# Visual Studio Version 17
VisualStudioVersion = 17.11.35431.28
MinimumVisualStudioVersion = 10.0.40219.1
Project("{FAE04EC0-301F-11D3-BF4B-00C04F79EFBC}") = "Calculadora", "Calculadora\Calculadora.csproj", "{659308BA-1093-4AD1-AF4D-64F66130CA47}"
EndProject
Global
	GlobalSection(SolutionConfigurationPlatforms) = preSolution
		Debug|Any CPU = Debug|Any CPU
		Release|Any CPU = Release|Any CPU
	EndGlobalSection
	GlobalSection(ProjectConfigurationPlatforms) = postSolution
		{659308BA-1093-4AD1-AF4D-64F66130CA47}.Debug|Any CPU.ActiveCfg = Debug|Any CPU
		{659308BA-1093-4AD1-AF4D-64F66130CA47}.Debug|Any CPU.Build.0 = Debug|Any CPU
		{659308BA-1093-4AD1-AF4D-64F66130CA47}.Release|Any CPU.ActiveCfg = Release|Any CPU
		{659308BA-1093-4AD1-AF4D-64F66130CA47}.Release|Any CPU.Build.0 = Release|Any CPU
	EndGlobalSection
	GlobalSection(SolutionProperties) = preSolution
		HideSolutionNode = FALSE
	EndGlobalSection
	GlobalSection(ExtensibilityGlobals) = postSolution
		SolutionGuid = {0FE80182-E090-4A92-A0C8-CDEEDE3ED048}
	EndGlobalSection
EndGlobal
